
Microsoft Visual Studio Solution File, Format Version 12.00
# Visual Studio Version 17
VisualStudioVersion = 17.7.34031.279
MinimumVisualStudioVersion = 10.0.40219.1
Project("{FAE04EC0-301F-11D3-BF4B-00C04F79EFBC}") = "EventSoft", "EventSoft\EventSoft.csproj", "{CCDE6AD8-BCD6-4AE2-9059-22315E0E882D}"
EndProject
Global
	GlobalSection(SolutionConfigurationPlatforms) = preSolution
		Debug|Any CPU = Debug|Any CPU
		Release|Any CPU = Release|Any CPU
	EndGlobalSection
	GlobalSection(ProjectConfigurationPlatforms) = postSolution
		{CCDE6AD8-BCD6-4AE2-9059-22315E0E882D}.Debug|Any CPU.ActiveCfg = Debug|Any CPU
		{CCDE6AD8-BCD6-4AE2-9059-22315E0E882D}.Debug|Any CPU.Build.0 = Debug|Any CPU
		{CCDE6AD8-BCD6-4AE2-9059-22315E0E882D}.Release|Any CPU.ActiveCfg = Release|Any CPU
		{CCDE6AD8-BCD6-4AE2-9059-22315E0E882D}.Release|Any CPU.Build.0 = Release|Any CPU
	EndGlobalSection
	GlobalSection(SolutionProperties) = preSolution
		HideSolutionNode = FALSE
	EndGlobalSection
	GlobalSection(ExtensibilityGlobals) = postSolution
		SolutionGuid = {865EF781-75B2-46DB-B855-0F94CF2120CD}
	EndGlobalSection
EndGlobal
